// !$*UTF8*$!
{
	archiveVersion = 1;
	classes = {
	};
	objectVersion = 50;
	objects = {

/* Begin PBXBuildFile section */
		F438006424799AC800136EC7 /* listSave in Resources */ = {isa = PBXBuildFile; fileRef = F438006324799AC800136EC7 /* listSave */; };
		F469EAB6246F025C00ED00D0 /* AppDelegate.swift in Sources */ = {isa = PBXBuildFile; fileRef = F469EAB5246F025C00ED00D0 /* AppDelegate.swift */; };
		F469EAB8246F025C00ED00D0 /* SceneDelegate.swift in Sources */ = {isa = PBXBuildFile; fileRef = F469EAB7246F025C00ED00D0 /* SceneDelegate.swift */; };
		F469EABA246F025C00ED00D0 /* ViewController.swift in Sources */ = {isa = PBXBuildFile; fileRef = F469EAB9246F025C00ED00D0 /* ViewController.swift */; };
		F469EABD246F025C00ED00D0 /* Main.storyboard in Resources */ = {isa = PBXBuildFile; fileRef = F469EABB246F025C00ED00D0 /* Main.storyboard */; };
		F469EABF246F026000ED00D0 /* Assets.xcassets in Resources */ = {isa = PBXBuildFile; fileRef = F469EABE246F026000ED00D0 /* Assets.xcassets */; };
		F469EAC2246F026000ED00D0 /* LaunchScreen.storyboard in Resources */ = {isa = PBXBuildFile; fileRef = F469EAC0246F026000ED00D0 /* LaunchScreen.storyboard */; };
		F489C70D24744777009C8C1B /* ListView.swift in Sources */ = {isa = PBXBuildFile; fileRef = F489C70C24744777009C8C1B /* ListView.swift */; };
		F489C70F24744787009C8C1B /* CommentView.swift in Sources */ = {isa = PBXBuildFile; fileRef = F489C70E24744787009C8C1B /* CommentView.swift */; };
		F4F264C42472FD1C00301267 /* storage.swift in Sources */ = {isa = PBXBuildFile; fileRef = F4F264C32472FD1C00301267 /* storage.swift */; };
/* End PBXBuildFile section */

/* Begin PBXFileReference section */
		F438006324799AC800136EC7 /* listSave */ = {isa = PBXFileReference; lastKnownFileType = text; path = listSave; sourceTree = "<group>"; };
		F469EAB2246F025C00ED00D0 /* PlotHelper.app */ = {isa = PBXFileReference; explicitFileType = wrapper.application; includeInIndex = 0; path = PlotHelper.app; sourceTree = BUILT_PRODUCTS_DIR; };
		F469EAB5246F025C00ED00D0 /* AppDelegate.swift */ = {isa = PBXFileReference; lastKnownFileType = sourcecode.swift; path = AppDelegate.swift; sourceTree = "<group>"; };
		F469EAB7246F025C00ED00D0 /* SceneDelegate.swift */ = {isa = PBXFileReference; lastKnownFileType = sourcecode.swift; path = SceneDelegate.swift; sourceTree = "<group>"; };
		F469EAB9246F025C00ED00D0 /* ViewController.swift */ = {isa = PBXFileReference; lastKnownFileType = sourcecode.swift; path = ViewController.swift; sourceTree = "<group>"; };
		F469EABC246F025C00ED00D0 /* Base */ = {isa = PBXFileReference; lastKnownFileType = file.storyboard; name = Base; path = Base.lproj/Main.storyboard; sourceTree = "<group>"; };
		F469EABE246F026000ED00D0 /* Assets.xcassets */ = {isa = PBXFileReference; lastKnownFileType = folder.assetcatalog; path = Assets.xcassets; sourceTree = "<group>"; };
		F469EAC1246F026000ED00D0 /* Base */ = {isa = PBXFileReference; lastKnownFileType = file.storyboard; name = Base; path = Base.lproj/LaunchScreen.storyboard; sourceTree = "<group>"; };
		F469EAC3246F026000ED00D0 /* Info.plist */ = {isa = PBXFileReference; lastKnownFileType = text.plist.xml; path = Info.plist; sourceTree = "<group>"; };
		F489C70C24744777009C8C1B /* ListView.swift */ = {isa = PBXFileReference; lastKnownFileType = sourcecode.swift; path = ListView.swift; sourceTree = "<group>"; };
		F489C70E24744787009C8C1B /* CommentView.swift */ = {isa = PBXFileReference; lastKnownFileType = sourcecode.swift; path = CommentView.swift; sourceTree = "<group>"; };
		F4F264C32472FD1C00301267 /* storage.swift */ = {isa = PBXFileReference; lastKnownFileType = sourcecode.swift; path = storage.swift; sourceTree = "<group>"; };
/* End PBXFileReference section */

/* Begin PBXFrameworksBuildPhase section */
		F469EAAF246F025C00ED00D0 /* Frameworks */ = {
			isa = PBXFrameworksBuildPhase;
			buildActionMask = 2147483647;
			files = (
			);
			runOnlyForDeploymentPostprocessing = 0;
		};
/* End PBXFrameworksBuildPhase section */

/* Begin PBXGroup section */
		F469EAA9246F025B00ED00D0 = {
			isa = PBXGroup;
			children = (
				F469EAB4246F025C00ED00D0 /* Plot Helper */,
				F469EAB3246F025C00ED00D0 /* Products */,
			);
			sourceTree = "<group>";
		};
		F469EAB3246F025C00ED00D0 /* Products */ = {
			isa = PBXGroup;
			children = (
				F469EAB2246F025C00ED00D0 /* PlotHelper.app */,
			);
			name = Products;
			sourceTree = "<group>";
		};
		F469EAB4246F025C00ED00D0 /* Plot Helper */ = {
			isa = PBXGroup;
			children = (
				F469EAB5246F025C00ED00D0 /* AppDelegate.swift */,
				F469EAB7246F025C00ED00D0 /* SceneDelegate.swift */,
				F469EAB9246F025C00ED00D0 /* ViewController.swift */,
				F438006324799AC800136EC7 /* listSave */,
				F469EABB246F025C00ED00D0 /* Main.storyboard */,
				F4F264C32472FD1C00301267 /* storage.swift */,
				F489C70C24744777009C8C1B /* ListView.swift */,
				F489C70E24744787009C8C1B /* CommentView.swift */,
				F469EABE246F026000ED00D0 /* Assets.xcassets */,
				F469EAC0246F026000ED00D0 /* LaunchScreen.storyboard */,
				F469EAC3246F026000ED00D0 /* Info.plist */,
			);
			path = "Plot Helper";
			sourceTree = "<group>";
		};
/* End PBXGroup section */

/* Begin PBXNativeTarget section */
		F469EAB1246F025C00ED00D0 /* Plot Helper */ = {
			isa = PBXNativeTarget;
			buildConfigurationList = F469EAC6246F026000ED00D0 /* Build configuration list for PBXNativeTarget "Plot Helper" */;
			buildPhases = (
				F469EAAE246F025C00ED00D0 /* Sources */,
				F469EAAF246F025C00ED00D0 /* Frameworks */,
				F469EAB0246F025C00ED00D0 /* Resources */,
			);
			buildRules = (
			);
			dependencies = (
			);
			name = "Plot Helper";
			productName = "Plot Helper";
			productReference = F469EAB2246F025C00ED00D0 /* PlotHelper.app */;
			productType = "com.apple.product-type.application";
		};
/* End PBXNativeTarget section */

/* Begin PBXProject section */
		F469EAAA246F025B00ED00D0 /* Project object */ = {
			isa = PBXProject;
			attributes = {
				LastSwiftUpdateCheck = 1130;
				LastUpgradeCheck = 1130;
				ORGANIZATIONNAME = "Anyll Markevich";
				TargetAttributes = {
					F469EAB1246F025C00ED00D0 = {
						CreatedOnToolsVersion = 11.3.1;
					};
				};
			};
			buildConfigurationList = F469EAAD246F025B00ED00D0 /* Build configuration list for PBXProject "Plot Helper" */;
			compatibilityVersion = "Xcode 9.3";
			developmentRegion = en;
			hasScannedForEncodings = 0;
			knownRegions = (
				en,
				Base,
			);
			mainGroup = F469EAA9246F025B00ED00D0;
			productRefGroup = F469EAB3246F025C00ED00D0 /* Products */;
			projectDirPath = "";
			projectRoot = "";
			targets = (
				F469EAB1246F025C00ED00D0 /* Plot Helper */,
			);
		};
/* End PBXProject section */

/* Begin PBXResourcesBuildPhase section */
		F469EAB0246F025C00ED00D0 /* Resources */ = {
			isa = PBXResourcesBuildPhase;
			buildActionMask = 2147483647;
			files = (
				F469EAC2246F026000ED00D0 /* LaunchScreen.storyboard in Resources */,
				F469EABF246F026000ED00D0 /* Assets.xcassets in Resources */,
				F469EABD246F025C00ED00D0 /* Main.storyboard in Resources */,
				F438006424799AC800136EC7 /* listSave in Resources */,
			);
			runOnlyForDeploymentPostprocessing = 0;
		};
/* End PBXResourcesBuildPhase section */

/* Begin PBXSourcesBuildPhase section */
		F469EAAE246F025C00ED00D0 /* Sources */ = {
			isa = PBXSourcesBuildPhase;
			buildActionMask = 2147483647;
			files = (
				F489C70F24744787009C8C1B /* CommentView.swift in Sources */,
				F469EABA246F025C00ED00D0 /* ViewController.swift in Sources */,
				F4F264C42472FD1C00301267 /* storage.swift in Sources */,
				F489C70D24744777009C8C1B /* ListView.swift in Sources */,
				F469EAB6246F025C00ED00D0 /* AppDelegate.swift in Sources */,
				F469EAB8246F025C00ED00D0 /* SceneDelegate.swift in Sources */,
			);
			runOnlyForDeploymentPostprocessing = 0;
		};
/* End PBXSourcesBuildPhase section */

/* Begin PBXVariantGroup section */
		F469EABB246F025C00ED00D0 /* Main.storyboard */ = {
			isa = PBXVariantGroup;
			children = (
				F469EABC246F025C00ED00D0 /* Base */,
			);
			name = Main.storyboard;
			sourceTree = "<group>";
		};
		F469EAC0246F026000ED00D0 /* LaunchScreen.storyboard */ = {
			isa = PBXVariantGroup;
			children = (
				F469EAC1246F026000ED00D0 /* Base */,
			);
			name = LaunchScreen.storyboard;
			sourceTree = "<group>";
		};
/* End PBXVariantGroup section */

/* Begin XCBuildConfiguration section */
		F469EAC4246F026000ED00D0 /* Debug */ = {
			isa = XCBuildConfiguration;
			buildSettings = {
				ALWAYS_SEARCH_USER_PATHS = NO;
				CLANG_ANALYZER_NONNULL = YES;
				CLANG_ANALYZER_NUMBER_OBJECT_CONVERSION = YES_AGGRESSIVE;
				CLANG_CXX_LANGUAGE_STANDARD = "gnu++14";
				CLANG_CXX_LIBRARY = "libc++";
				CLANG_ENABLE_MODULES = YES;
				CLANG_ENABLE_OBJC_ARC = YES;
				CLANG_ENABLE_OBJC_WEAK = YES;
				CLANG_WARN_BLOCK_CAPTURE_AUTORELEASING = YES;
				CLANG_WARN_BOOL_CONVERSION = YES;
				CLANG_WARN_COMMA = YES;
				CLANG_WARN_CONSTANT_CONVERSION = YES;
				CLANG_WARN_DEPRECATED_OBJC_IMPLEMENTATIONS = YES;
				CLANG_WARN_DIRECT_OBJC_ISA_USAGE = YES_ERROR;
				CLANG_WARN_DOCUMENTATION_COMMENTS = YES;
				CLANG_WARN_EMPTY_BODY = YES;
				CLANG_WARN_ENUM_CONVERSION = YES;
				CLANG_WARN_INFINITE_RECURSION = YES;
				CLANG_WARN_INT_CONVERSION = YES;
				CLANG_WARN_NON_LITERAL_NULL_CONVERSION = YES;
				CLANG_WARN_OBJC_IMPLICIT_RETAIN_SELF = YES;
				CLANG_WARN_OBJC_LITERAL_CONVERSION = YES;
				CLANG_WARN_OBJC_ROOT_CLASS = YES_ERROR;
				CLANG_WARN_RANGE_LOOP_ANALYSIS = YES;
				CLANG_WARN_STRICT_PROTOTYPES = YES;
				CLANG_WARN_SUSPICIOUS_MOVE = YES;
				CLANG_WARN_UNGUARDED_AVAILABILITY = YES_AGGRESSIVE;
				CLANG_WARN_UNREACHABLE_CODE = YES;
				CLANG_WARN__DUPLICATE_METHOD_MATCH = YES;
				COPY_PHASE_STRIP = NO;
				DEBUG_INFORMATION_FORMAT = dwarf;
				ENABLE_STRICT_OBJC_MSGSEND = YES;
				ENABLE_TESTABILITY = YES;
				GCC_C_LANGUAGE_STANDARD = gnu11;
				GCC_DYNAMIC_NO_PIC = NO;
				GCC_NO_COMMON_BLOCKS = YES;
				GCC_OPTIMIZATION_LEVEL = 0;
				GCC_PREPROCESSOR_DEFINITIONS = (
					"DEBUG=1",
					"$(inherited)",
				);
				GCC_WARN_64_TO_32_BIT_CONVERSION = YES;
				GCC_WARN_ABOUT_RETURN_TYPE = YES_ERROR;
				GCC_WARN_UNDECLARED_SELECTOR = YES;
				GCC_WARN_UNINITIALIZED_AUTOS = YES_AGGRESSIVE;
				GCC_WARN_UNUSED_FUNCTION = YES;
				GCC_WARN_UNUSED_VARIABLE = YES;
				IPHONEOS_DEPLOYMENT_TARGET = 13.2;
				MTL_ENABLE_DEBUG_INFO = INCLUDE_SOURCE;
				MTL_FAST_MATH = YES;
				ONLY_ACTIVE_ARCH = YES;
				SDKROOT = iphoneos;
				SWIFT_ACTIVE_COMPILATION_CONDITIONS = DEBUG;
				SWIFT_OPTIMIZATION_LEVEL = "-Onone";
			};
			name = Debug;
		};
		F469EAC5246F026000ED00D0 /* Release */ = {
			isa = XCBuildConfiguration;
			buildSettings = {
				ALWAYS_SEARCH_USER_PATHS = NO;
				CLANG_ANALYZER_NONNULL = YES;
				CLANG_ANALYZER_NUMBER_OBJECT_CONVERSION = YES_AGGRESSIVE;
				CLANG_CXX_LANGUAGE_STANDARD = "gnu++14";
				CLANG_CXX_LIBRARY = "libc++";
				CLANG_ENABLE_MODULES = YES;
				CLANG_ENABLE_OBJC_ARC = YES;
				CLANG_ENABLE_OBJC_WEAK = YES;
				CLANG_WARN_BLOCK_CAPTURE_AUTORELEASING = YES;
				CLANG_WARN_BOOL_CONVERSION = YES;
				CLANG_WARN_COMMA = YES;
				CLANG_WARN_CONSTANT_CONVERSION = YES;
				CLANG_WARN_DEPRECATED_OBJC_IMPLEMENTATIONS = YES;
				CLANG_WARN_DIRECT_OBJC_ISA_USAGE = YES_ERROR;
				CLANG_WARN_DOCUMENTATION_COMMENTS = YES;
				CLANG_WARN_EMPTY_BODY = YES;
				CLANG_WARN_ENUM_CONVERSION = YES;
				CLANG_WARN_INFINITE_RECURSION = YES;
				CLANG_WARN_INT_CONVERSION = YES;
				CLANG_WARN_NON_LITERAL_NULL_CONVERSION = YES;
				CLANG_WARN_OBJC_IMPLICIT_RETAIN_SELF = YES;
				CLANG_WARN_OBJC_LITERAL_CONVERSION = YES;
				CLANG_WARN_OBJC_ROOT_CLASS = YES_ERROR;
				CLANG_WARN_RANGE_LOOP_ANALYSIS = YES;
				CLANG_WARN_STRICT_PROTOTYPES = YES;
				CLANG_WARN_SUSPICIOUS_MOVE = YES;
				CLANG_WARN_UNGUARDED_AVAILABILITY = YES_AGGRESSIVE;
				CLANG_WARN_UNREACHABLE_CODE = YES;
				CLANG_WARN__DUPLICATE_METHOD_MATCH = YES;
				COPY_PHASE_STRIP = NO;
				DEBUG_INFORMATION_FORMAT = "dwarf-with-dsym";
				ENABLE_NS_ASSERTIONS = NO;
				ENABLE_STRICT_OBJC_MSGSEND = YES;
				GCC_C_LANGUAGE_STANDARD = gnu11;
				GCC_NO_COMMON_BLOCKS = YES;
				GCC_WARN_64_TO_32_BIT_CONVERSION = YES;
				GCC_WARN_ABOUT_RETURN_TYPE = YES_ERROR;
				GCC_WARN_UNDECLARED_SELECTOR = YES;
				GCC_WARN_UNINITIALIZED_AUTOS = YES_AGGRESSIVE;
				GCC_WARN_UNUSED_FUNCTION = YES;
				GCC_WARN_UNUSED_VARIABLE = YES;
				IPHONEOS_DEPLOYMENT_TARGET = 13.2;
				MTL_ENABLE_DEBUG_INFO = NO;
				MTL_FAST_MATH = YES;
				SDKROOT = iphoneos;
				SWIFT_COMPILATION_MODE = wholemodule;
				SWIFT_OPTIMIZATION_LEVEL = "-O";
				VALIDATE_PRODUCT = YES;
			};
			name = Release;
		};
		F469EAC7246F026000ED00D0 /* Debug */ = {
			isa = XCBuildConfiguration;
			buildSettings = {
				ASSETCATALOG_COMPILER_APPICON_NAME = AppIcon;
				CODE_SIGN_STYLE = Automatic;
				DEVELOPMENT_TEAM = 8RDVBN82UB;
				INFOPLIST_FILE = "Plot Helper/Info.plist";
				LD_RUNPATH_SEARCH_PATHS = (
					"$(inherited)",
					"@executable_path/Frameworks",
				);
				PRODUCT_BUNDLE_IDENTIFIER = "com.example.Plot-Helper";
				PRODUCT_NAME = PlotHelper;
				SWIFT_VERSION = 5.0;
				TARGETED_DEVICE_FAMILY = 2;
			};
			name = Debug;
		};
		F469EAC8246F026000ED00D0 /* Release */ = {
			isa = XCBuildConfiguration;
			buildSettings = {
				ASSETCATALOG_COMPILER_APPICON_NAME = AppIcon;
				CODE_SIGN_STYLE = Automatic;
				DEVELOPMENT_TEAM = 8RDVBN82UB;
				INFOPLIST_FILE = "Plot Helper/Info.plist";
				LD_RUNPATH_SEARCH_PATHS = (
					"$(inherited)",
					"@executable_path/Frameworks",
				);
				PRODUCT_BUNDLE_IDENTIFIER = "com.example.Plot-Helper";
				PRODUCT_NAME = PlotHelper;
				SWIFT_VERSION = 5.0;
				TARGETED_DEVICE_FAMILY = 2;
			};
			name = Release;
		};
/* End XCBuildConfiguration section */

/* Begin XCConfigurationList section */
		F469EAAD246F025B00ED00D0 /* Build configuration list for PBXProject "Plot Helper" */ = {
			isa = XCConfigurationList;
			buildConfigurations = (
				F469EAC4246F026000ED00D0 /* Debug */,
				F469EAC5246F026000ED00D0 /* Release */,
			);
			defaultConfigurationIsVisible = 0;
			defaultConfigurationName = Release;
		};
		F469EAC6246F026000ED00D0 /* Build configuration list for PBXNativeTarget "Plot Helper" */ = {
			isa = XCConfigurationList;
			buildConfigurations = (
				F469EAC7246F026000ED00D0 /* Debug */,
				F469EAC8246F026000ED00D0 /* Release */,
			);
			defaultConfigurationIsVisible = 0;
			defaultConfigurationName = Release;
		};
/* End XCConfigurationList section */
	};
	rootObject = F469EAAA246F025B00ED00D0 /* Project object */;
}
